
Microsoft Visual Studio Solution File, Format Version 12.00
# Visual Studio Version 16
VisualStudioVersion = 16.0.30404.54
MinimumVisualStudioVersion = 10.0.40219.1
Project("{9A19103F-16F7-4668-BE54-9A1E7A4F7556}") = "JsonLanguageLocalizerNet", "JsonLanguageLocalizerNet\JsonLanguageLocalizerNet.csproj", "{0824B12D-4B57-4079-8A3F-7D5C70F7B4E1}"
EndProject
Project("{FAE04EC0-301F-11D3-BF4B-00C04F79EFBC}") = "JsonLanguageLocalizerNet.Blazor", "JsonLanguageLocalizerNet.Blazor\JsonLanguageLocalizerNet.Blazor.csproj", "{C79B78E4-A7FB-4E3D-B1E4-5BD31581D2AA}"
EndProject
Global
	GlobalSection(SolutionConfigurationPlatforms) = preSolution
		Debug|Any CPU = Debug|Any CPU
		Release|Any CPU = Release|Any CPU
	EndGlobalSection
	GlobalSection(ProjectConfigurationPlatforms) = postSolution
		{0824B12D-4B57-4079-8A3F-7D5C70F7B4E1}.Debug|Any CPU.ActiveCfg = Debug|Any CPU
		{0824B12D-4B57-4079-8A3F-7D5C70F7B4E1}.Debug|Any CPU.Build.0 = Debug|Any CPU
		{0824B12D-4B57-4079-8A3F-7D5C70F7B4E1}.Release|Any CPU.ActiveCfg = Release|Any CPU
		{0824B12D-4B57-4079-8A3F-7D5C70F7B4E1}.Release|Any CPU.Build.0 = Release|Any CPU
		{C79B78E4-A7FB-4E3D-B1E4-5BD31581D2AA}.Debug|Any CPU.ActiveCfg = Debug|Any CPU
		{C79B78E4-A7FB-4E3D-B1E4-5BD31581D2AA}.Debug|Any CPU.Build.0 = Debug|Any CPU
		{C79B78E4-A7FB-4E3D-B1E4-5BD31581D2AA}.Release|Any CPU.ActiveCfg = Release|Any CPU
		{C79B78E4-A7FB-4E3D-B1E4-5BD31581D2AA}.Release|Any CPU.Build.0 = Release|Any CPU
	EndGlobalSection
	GlobalSection(SolutionProperties) = preSolution
		HideSolutionNode = FALSE
	EndGlobalSection
	GlobalSection(ExtensibilityGlobals) = postSolution
		SolutionGuid = {F221147A-B8DF-462B-B9C4-F5C53BD321C1}
	EndGlobalSection
EndGlobal
